
Microsoft Visual Studio Solution File, Format Version 12.00
# Visual Studio Version 17
VisualStudioVersion = 17.14.36414.22 d17.14
MinimumVisualStudioVersion = 10.0.40219.1
Project("{FAE04EC0-301F-11D3-BF4B-00C04F79EFBC}") = "praktik6.2_TalitaZakiyatulM_XPPLG1", "praktik6.2_TalitaZakiyatulM_XPPLG1\praktik6.2_TalitaZakiyatulM_XPPLG1.csproj", "{D25AC048-ECB9-4B15-A876-CB1CEF835493}"
EndProject
Global
	GlobalSection(SolutionConfigurationPlatforms) = preSolution
		Debug|Any CPU = Debug|Any CPU
		Release|Any CPU = Release|Any CPU
	EndGlobalSection
	GlobalSection(ProjectConfigurationPlatforms) = postSolution
		{D25AC048-ECB9-4B15-A876-CB1CEF835493}.Debug|Any CPU.ActiveCfg = Debug|Any CPU
		{D25AC048-ECB9-4B15-A876-CB1CEF835493}.Debug|Any CPU.Build.0 = Debug|Any CPU
		{D25AC048-ECB9-4B15-A876-CB1CEF835493}.Release|Any CPU.ActiveCfg = Release|Any CPU
		{D25AC048-ECB9-4B15-A876-CB1CEF835493}.Release|Any CPU.Build.0 = Release|Any CPU
	EndGlobalSection
	GlobalSection(SolutionProperties) = preSolution
		HideSolutionNode = FALSE
	EndGlobalSection
	GlobalSection(ExtensibilityGlobals) = postSolution
		SolutionGuid = {F5D8C164-1D06-4384-9029-84FA5E7E1588}
	EndGlobalSection
EndGlobal
