
Microsoft Visual Studio Solution File, Format Version 12.00
# Visual Studio Version 17
VisualStudioVersion = 17.14.36414.22 d17.14
MinimumVisualStudioVersion = 10.0.40219.1
Project("{FAE04EC0-301F-11D3-BF4B-00C04F79EFBC}") = "praktik6.3_TalitaZakiyatulM_XPPLG1", "praktik6.3_TalitaZakiyatulM_XPPLG1\praktik6.3_TalitaZakiyatulM_XPPLG1.csproj", "{BE5D9560-6E76-4C78-81DA-792D1FA5680C}"
EndProject
Global
	GlobalSection(SolutionConfigurationPlatforms) = preSolution
		Debug|Any CPU = Debug|Any CPU
		Release|Any CPU = Release|Any CPU
	EndGlobalSection
	GlobalSection(ProjectConfigurationPlatforms) = postSolution
		{BE5D9560-6E76-4C78-81DA-792D1FA5680C}.Debug|Any CPU.ActiveCfg = Debug|Any CPU
		{BE5D9560-6E76-4C78-81DA-792D1FA5680C}.Debug|Any CPU.Build.0 = Debug|Any CPU
		{BE5D9560-6E76-4C78-81DA-792D1FA5680C}.Release|Any CPU.ActiveCfg = Release|Any CPU
		{BE5D9560-6E76-4C78-81DA-792D1FA5680C}.Release|Any CPU.Build.0 = Release|Any CPU
	EndGlobalSection
	GlobalSection(SolutionProperties) = preSolution
		HideSolutionNode = FALSE
	EndGlobalSection
	GlobalSection(ExtensibilityGlobals) = postSolution
		SolutionGuid = {32B263BB-03B3-4508-B5FC-551097FA3F83}
	EndGlobalSection
EndGlobal
