
Microsoft Visual Studio Solution File, Format Version 12.00
# Visual Studio Version 17
VisualStudioVersion = 17.14.36623.8 d17.14
MinimumVisualStudioVersion = 10.0.40219.1
Project("{FAE04EC0-301F-11D3-BF4B-00C04F79EFBC}") = "Kalkulator", "Kalkulator\Kalkulator.csproj", "{8467E4D8-B301-4E4A-8F67-4D37B7A32958}"
EndProject
Global
	GlobalSection(SolutionConfigurationPlatforms) = preSolution
		Debug|Any CPU = Debug|Any CPU
		Release|Any CPU = Release|Any CPU
	EndGlobalSection
	GlobalSection(ProjectConfigurationPlatforms) = postSolution
		{8467E4D8-B301-4E4A-8F67-4D37B7A32958}.Debug|Any CPU.ActiveCfg = Debug|Any CPU
		{8467E4D8-B301-4E4A-8F67-4D37B7A32958}.Debug|Any CPU.Build.0 = Debug|Any CPU
		{8467E4D8-B301-4E4A-8F67-4D37B7A32958}.Release|Any CPU.ActiveCfg = Release|Any CPU
		{8467E4D8-B301-4E4A-8F67-4D37B7A32958}.Release|Any CPU.Build.0 = Release|Any CPU
	EndGlobalSection
	GlobalSection(SolutionProperties) = preSolution
		HideSolutionNode = FALSE
	EndGlobalSection
	GlobalSection(ExtensibilityGlobals) = postSolution
		SolutionGuid = {6C92D110-AEA9-4D7E-AABA-1F1197C5EFCD}
	EndGlobalSection
EndGlobal
