
Microsoft Visual Studio Solution File, Format Version 12.00
# Visual Studio Version 17
VisualStudioVersion = 17.14.36414.22 d17.14
MinimumVisualStudioVersion = 10.0.40219.1
Project("{FAE04EC0-301F-11D3-BF4B-00C04F79EFBC}") = "praktik6.1_TalitaZakiyatulM_XPPLG1", "praktik6.1_TalitaZakiyatulM_XPPLG1\praktik6.1_TalitaZakiyatulM_XPPLG1.csproj", "{440C3389-17AF-4D1E-B237-057E0F748741}"
EndProject
Global
	GlobalSection(SolutionConfigurationPlatforms) = preSolution
		Debug|Any CPU = Debug|Any CPU
		Release|Any CPU = Release|Any CPU
	EndGlobalSection
	GlobalSection(ProjectConfigurationPlatforms) = postSolution
		{440C3389-17AF-4D1E-B237-057E0F748741}.Debug|Any CPU.ActiveCfg = Debug|Any CPU
		{440C3389-17AF-4D1E-B237-057E0F748741}.Debug|Any CPU.Build.0 = Debug|Any CPU
		{440C3389-17AF-4D1E-B237-057E0F748741}.Release|Any CPU.ActiveCfg = Release|Any CPU
		{440C3389-17AF-4D1E-B237-057E0F748741}.Release|Any CPU.Build.0 = Release|Any CPU
	EndGlobalSection
	GlobalSection(SolutionProperties) = preSolution
		HideSolutionNode = FALSE
	EndGlobalSection
	GlobalSection(ExtensibilityGlobals) = postSolution
		SolutionGuid = {28845510-4083-4A7B-8B2B-2E47872E8161}
	EndGlobalSection
EndGlobal
